
Microsoft Visual Studio Solution File, Format Version 12.00
# Visual Studio Version 17
VisualStudioVersion = 17.3.32929.385
MinimumVisualStudioVersion = 10.0.40219.1
Project("{FAE04EC0-301F-11D3-BF4B-00C04F79EFBC}") = "DiagonalDifference", "DiagonalDifference.csproj", "{38EFCF83-E117-40FF-AD3C-34EAE4B17FC3}"
EndProject
Global
	GlobalSection(SolutionConfigurationPlatforms) = preSolution
		Debug|Any CPU = Debug|Any CPU
		Release|Any CPU = Release|Any CPU
	EndGlobalSection
	GlobalSection(ProjectConfigurationPlatforms) = postSolution
		{38EFCF83-E117-40FF-AD3C-34EAE4B17FC3}.Debug|Any CPU.ActiveCfg = Debug|Any CPU
		{38EFCF83-E117-40FF-AD3C-34EAE4B17FC3}.Debug|Any CPU.Build.0 = Debug|Any CPU
		{38EFCF83-E117-40FF-AD3C-34EAE4B17FC3}.Release|Any CPU.ActiveCfg = Release|Any CPU
		{38EFCF83-E117-40FF-AD3C-34EAE4B17FC3}.Release|Any CPU.Build.0 = Release|Any CPU
	EndGlobalSection
	GlobalSection(SolutionProperties) = preSolution
		HideSolutionNode = FALSE
	EndGlobalSection
	GlobalSection(ExtensibilityGlobals) = postSolution
		SolutionGuid = {3A17AAF1-1176-4A48-9DE8-A9A7E7F56072}
	EndGlobalSection
EndGlobal
